// !$*UTF8*$!
{
	archiveVersion = 1;
	classes = {
	};
	objectVersion = 56;
	objects = {

/* Begin PBXBuildFile section */
		903319E22C1C363200121E2C /* AnimalAllyApp.swift in Sources */ = {isa = PBXBuildFile; fileRef = 903319E12C1C363200121E2C /* AnimalAllyApp.swift */; };
		903319E42C1C363200121E2C /* ContentView.swift in Sources */ = {isa = PBXBuildFile; fileRef = 903319E32C1C363200121E2C /* ContentView.swift */; };
		903319E62C1C363400121E2C /* Assets.xcassets in Resources */ = {isa = PBXBuildFile; fileRef = 903319E52C1C363400121E2C /* Assets.xcassets */; };
		903319E92C1C363400121E2C /* Preview Assets.xcassets in Resources */ = {isa = PBXBuildFile; fileRef = 903319E82C1C363400121E2C /* Preview Assets.xcassets */; };
		903319F12C1C367D00121E2C /* SplashView.swift in Sources */ = {isa = PBXBuildFile; fileRef = 903319F02C1C367D00121E2C /* SplashView.swift */; };
		903319F32C1C385E00121E2C /* LogInView.swift in Sources */ = {isa = PBXBuildFile; fileRef = 903319F22C1C385E00121E2C /* LogInView.swift */; };
		903319F62C1C399E00121E2C /* CustomTextFieldStyle.swift in Sources */ = {isa = PBXBuildFile; fileRef = 903319F52C1C399E00121E2C /* CustomTextFieldStyle.swift */; };
		903319F82C1C3D8200121E2C /* CustomTextFieldType.swift in Sources */ = {isa = PBXBuildFile; fileRef = 903319F72C1C3D8200121E2C /* CustomTextFieldType.swift */; };
		903319FA2C1CF17A00121E2C /* Router.swift in Sources */ = {isa = PBXBuildFile; fileRef = 903319F92C1CF17A00121E2C /* Router.swift */; };
		903319FC2C1CF2C500121E2C /* Screen.swift in Sources */ = {isa = PBXBuildFile; fileRef = 903319FB2C1CF2C500121E2C /* Screen.swift */; };
		903319FE2C1D2EA700121E2C /* SignUp1View.swift in Sources */ = {isa = PBXBuildFile; fileRef = 903319FD2C1D2EA700121E2C /* SignUp1View.swift */; };
		90331A002C1D2F6E00121E2C /* ProgressBar.swift in Sources */ = {isa = PBXBuildFile; fileRef = 903319FF2C1D2F6E00121E2C /* ProgressBar.swift */; };
		90331A022C1D37B400121E2C /* StringExtension.swift in Sources */ = {isa = PBXBuildFile; fileRef = 90331A012C1D37B400121E2C /* StringExtension.swift */; };
		90331A042C1D395000121E2C /* SignUp2View.swift in Sources */ = {isa = PBXBuildFile; fileRef = 90331A032C1D395000121E2C /* SignUp2View.swift */; };
		90331A062C1D3A4200121E2C /* CheckBox.swift in Sources */ = {isa = PBXBuildFile; fileRef = 90331A052C1D3A4200121E2C /* CheckBox.swift */; };
		90A9A8782C215EF40093581A /* AnimalType.swift in Sources */ = {isa = PBXBuildFile; fileRef = 90A9A8772C215EF40093581A /* AnimalType.swift */; };
		90C3CE3F2C1D427800E62CC4 /* SignUp3View.swift in Sources */ = {isa = PBXBuildFile; fileRef = 90C3CE3E2C1D427800E62CC4 /* SignUp3View.swift */; };
		90C3CE412C1D59DF00E62CC4 /* SignUp4View.swift in Sources */ = {isa = PBXBuildFile; fileRef = 90C3CE402C1D59DF00E62CC4 /* SignUp4View.swift */; };
		90C3CE432C1D5D8400E62CC4 /* SignUp5View.swift in Sources */ = {isa = PBXBuildFile; fileRef = 90C3CE422C1D5D8400E62CC4 /* SignUp5View.swift */; };
		90C3CE452C1D5FBF00E62CC4 /* SignUpCompleteView.swift in Sources */ = {isa = PBXBuildFile; fileRef = 90C3CE442C1D5FBF00E62CC4 /* SignUpCompleteView.swift */; };
		90C3CE472C1D6AAF00E62CC4 /* HomeView.swift in Sources */ = {isa = PBXBuildFile; fileRef = 90C3CE462C1D6AAF00E62CC4 /* HomeView.swift */; };
		90C3CE492C1E6D3800E62CC4 /* MainView.swift in Sources */ = {isa = PBXBuildFile; fileRef = 90C3CE482C1E6D3800E62CC4 /* MainView.swift */; };
		90C3CE4C2C1ECB2800E62CC4 /* User.swift in Sources */ = {isa = PBXBuildFile; fileRef = 90C3CE4B2C1ECB2800E62CC4 /* User.swift */; };
		90C3CE4E2C1ECBA300E62CC4 /* Favor.swift in Sources */ = {isa = PBXBuildFile; fileRef = 90C3CE4D2C1ECBA300E62CC4 /* Favor.swift */; };
		90C3CE502C1ED00500E62CC4 /* UserStorage.swift in Sources */ = {isa = PBXBuildFile; fileRef = 90C3CE4F2C1ED00500E62CC4 /* UserStorage.swift */; };
		90C3CE522C1ED83B00E62CC4 /* Animal.swift in Sources */ = {isa = PBXBuildFile; fileRef = 90C3CE512C1ED83B00E62CC4 /* Animal.swift */; };
		90C3CE6E2C200E7000E62CC4 /* AnimalDetailView.swift in Sources */ = {isa = PBXBuildFile; fileRef = 90C3CE6D2C200E7000E62CC4 /* AnimalDetailView.swift */; };
		90C3CE702C20134300E62CC4 /* AnimalSize.swift in Sources */ = {isa = PBXBuildFile; fileRef = 90C3CE6F2C20134300E62CC4 /* AnimalSize.swift */; };
		90C3CE722C2013E300E62CC4 /* Gender.swift in Sources */ = {isa = PBXBuildFile; fileRef = 90C3CE712C2013E300E62CC4 /* Gender.swift */; };
		90C3CE762C20205000E62CC4 /* AnimalStorage.swift in Sources */ = {isa = PBXBuildFile; fileRef = 90C3CE752C20205000E62CC4 /* AnimalStorage.swift */; };
		90C3CE782C21504600E62CC4 /* ShowAllSheetView.swift in Sources */ = {isa = PBXBuildFile; fileRef = 90C3CE772C21504600E62CC4 /* ShowAllSheetView.swift */; };
		90C3CE7A2C215CEC00E62CC4 /* AdoptPetView.swift in Sources */ = {isa = PBXBuildFile; fileRef = 90C3CE792C215CEC00E62CC4 /* AdoptPetView.swift */; };
		90CEA2262C224AE000705850 /* Location.swift in Sources */ = {isa = PBXBuildFile; fileRef = 90CEA2252C224AE000705850 /* Location.swift */; };
		90CEA2282C224D4F00705850 /* UserDetailView.swift in Sources */ = {isa = PBXBuildFile; fileRef = 90CEA2272C224D4F00705850 /* UserDetailView.swift */; };
		90CEA22A2C225F5400705850 /* ProfileDetailView.swift in Sources */ = {isa = PBXBuildFile; fileRef = 90CEA2292C225F5400705850 /* ProfileDetailView.swift */; };
		90CEA22C2C2260FA00705850 /* PasswordResetView.swift in Sources */ = {isa = PBXBuildFile; fileRef = 90CEA22B2C2260FA00705850 /* PasswordResetView.swift */; };
		90CEA22E2C22661C00705850 /* PetPreferencesView.swift in Sources */ = {isa = PBXBuildFile; fileRef = 90CEA22D2C22661C00705850 /* PetPreferencesView.swift */; };
		90CEA2302C22680E00705850 /* FavoritesView.swift in Sources */ = {isa = PBXBuildFile; fileRef = 90CEA22F2C22680E00705850 /* FavoritesView.swift */; };
		90CEA2322C22829E00705850 /* BindingExtension.swift in Sources */ = {isa = PBXBuildFile; fileRef = 90CEA2312C22829E00705850 /* BindingExtension.swift */; };
/* End PBXBuildFile section */

/* Begin PBXFileReference section */
		903319DE2C1C363200121E2C /* AnimalAlly.app */ = {isa = PBXFileReference; explicitFileType = wrapper.application; includeInIndex = 0; path = AnimalAlly.app; sourceTree = BUILT_PRODUCTS_DIR; };
		903319E12C1C363200121E2C /* AnimalAllyApp.swift */ = {isa = PBXFileReference; lastKnownFileType = sourcecode.swift; path = AnimalAllyApp.swift; sourceTree = "<group>"; };
		903319E32C1C363200121E2C /* ContentView.swift */ = {isa = PBXFileReference; lastKnownFileType = sourcecode.swift; path = ContentView.swift; sourceTree = "<group>"; };
		903319E52C1C363400121E2C /* Assets.xcassets */ = {isa = PBXFileReference; lastKnownFileType = folder.assetcatalog; path = Assets.xcassets; sourceTree = "<group>"; };
		903319E82C1C363400121E2C /* Preview Assets.xcassets */ = {isa = PBXFileReference; lastKnownFileType = folder.assetcatalog; path = "Preview Assets.xcassets"; sourceTree = "<group>"; };
		903319F02C1C367D00121E2C /* SplashView.swift */ = {isa = PBXFileReference; lastKnownFileType = sourcecode.swift; path = SplashView.swift; sourceTree = "<group>"; };
		903319F22C1C385E00121E2C /* LogInView.swift */ = {isa = PBXFileReference; lastKnownFileType = sourcecode.swift; path = LogInView.swift; sourceTree = "<group>"; };
		903319F52C1C399E00121E2C /* CustomTextFieldStyle.swift */ = {isa = PBXFileReference; lastKnownFileType = sourcecode.swift; path = CustomTextFieldStyle.swift; sourceTree = "<group>"; };
		903319F72C1C3D8200121E2C /* CustomTextFieldType.swift */ = {isa = PBXFileReference; lastKnownFileType = sourcecode.swift; path = CustomTextFieldType.swift; sourceTree = "<group>"; };
		903319F92C1CF17A00121E2C /* Router.swift */ = {isa = PBXFileReference; lastKnownFileType = sourcecode.swift; path = Router.swift; sourceTree = "<group>"; };
		903319FB2C1CF2C500121E2C /* Screen.swift */ = {isa = PBXFileReference; lastKnownFileType = sourcecode.swift; path = Screen.swift; sourceTree = "<group>"; };
		903319FD2C1D2EA700121E2C /* SignUp1View.swift */ = {isa = PBXFileReference; lastKnownFileType = sourcecode.swift; path = SignUp1View.swift; sourceTree = "<group>"; };
		903319FF2C1D2F6E00121E2C /* ProgressBar.swift */ = {isa = PBXFileReference; lastKnownFileType = sourcecode.swift; path = ProgressBar.swift; sourceTree = "<group>"; };
		90331A012C1D37B400121E2C /* StringExtension.swift */ = {isa = PBXFileReference; lastKnownFileType = sourcecode.swift; path = StringExtension.swift; sourceTree = "<group>"; };
		90331A032C1D395000121E2C /* SignUp2View.swift */ = {isa = PBXFileReference; lastKnownFileType = sourcecode.swift; path = SignUp2View.swift; sourceTree = "<group>"; };
		90331A052C1D3A4200121E2C /* CheckBox.swift */ = {isa = PBXFileReference; lastKnownFileType = sourcecode.swift; path = CheckBox.swift; sourceTree = "<group>"; };
		90A9A8772C215EF40093581A /* AnimalType.swift */ = {isa = PBXFileReference; lastKnownFileType = sourcecode.swift; path = AnimalType.swift; sourceTree = "<group>"; };
		90C3CE3E2C1D427800E62CC4 /* SignUp3View.swift */ = {isa = PBXFileReference; lastKnownFileType = sourcecode.swift; path = SignUp3View.swift; sourceTree = "<group>"; };
		90C3CE402C1D59DF00E62CC4 /* SignUp4View.swift */ = {isa = PBXFileReference; lastKnownFileType = sourcecode.swift; path = SignUp4View.swift; sourceTree = "<group>"; };
		90C3CE422C1D5D8400E62CC4 /* SignUp5View.swift */ = {isa = PBXFileReference; lastKnownFileType = sourcecode.swift; path = SignUp5View.swift; sourceTree = "<group>"; };
		90C3CE442C1D5FBF00E62CC4 /* SignUpCompleteView.swift */ = {isa = PBXFileReference; lastKnownFileType = sourcecode.swift; path = SignUpCompleteView.swift; sourceTree = "<group>"; };
		90C3CE462C1D6AAF00E62CC4 /* HomeView.swift */ = {isa = PBXFileReference; lastKnownFileType = sourcecode.swift; path = HomeView.swift; sourceTree = "<group>"; };
		90C3CE482C1E6D3800E62CC4 /* MainView.swift */ = {isa = PBXFileReference; lastKnownFileType = sourcecode.swift; path = MainView.swift; sourceTree = "<group>"; };
		90C3CE4B2C1ECB2800E62CC4 /* User.swift */ = {isa = PBXFileReference; lastKnownFileType = sourcecode.swift; path = User.swift; sourceTree = "<group>"; };
		90C3CE4D2C1ECBA300E62CC4 /* Favor.swift */ = {isa = PBXFileReference; lastKnownFileType = sourcecode.swift; path = Favor.swift; sourceTree = "<group>"; };
		90C3CE4F2C1ED00500E62CC4 /* UserStorage.swift */ = {isa = PBXFileReference; lastKnownFileType = sourcecode.swift; path = UserStorage.swift; sourceTree = "<group>"; };
		90C3CE512C1ED83B00E62CC4 /* Animal.swift */ = {isa = PBXFileReference; lastKnownFileType = sourcecode.swift; path = Animal.swift; sourceTree = "<group>"; };
		90C3CE6D2C200E7000E62CC4 /* AnimalDetailView.swift */ = {isa = PBXFileReference; lastKnownFileType = sourcecode.swift; path = AnimalDetailView.swift; sourceTree = "<group>"; };
		90C3CE6F2C20134300E62CC4 /* AnimalSize.swift */ = {isa = PBXFileReference; lastKnownFileType = sourcecode.swift; path = AnimalSize.swift; sourceTree = "<group>"; };
		90C3CE712C2013E300E62CC4 /* Gender.swift */ = {isa = PBXFileReference; lastKnownFileType = sourcecode.swift; path = Gender.swift; sourceTree = "<group>"; };
		90C3CE752C20205000E62CC4 /* AnimalStorage.swift */ = {isa = PBXFileReference; lastKnownFileType = sourcecode.swift; path = AnimalStorage.swift; sourceTree = "<group>"; };
		90C3CE772C21504600E62CC4 /* ShowAllSheetView.swift */ = {isa = PBXFileReference; lastKnownFileType = sourcecode.swift; path = ShowAllSheetView.swift; sourceTree = "<group>"; };
		90C3CE792C215CEC00E62CC4 /* AdoptPetView.swift */ = {isa = PBXFileReference; lastKnownFileType = sourcecode.swift; path = AdoptPetView.swift; sourceTree = "<group>"; };
		90CEA2252C224AE000705850 /* Location.swift */ = {isa = PBXFileReference; lastKnownFileType = sourcecode.swift; path = Location.swift; sourceTree = "<group>"; };
		90CEA2272C224D4F00705850 /* UserDetailView.swift */ = {isa = PBXFileReference; lastKnownFileType = sourcecode.swift; path = UserDetailView.swift; sourceTree = "<group>"; };
		90CEA2292C225F5400705850 /* ProfileDetailView.swift */ = {isa = PBXFileReference; lastKnownFileType = sourcecode.swift; path = ProfileDetailView.swift; sourceTree = "<group>"; };
		90CEA22B2C2260FA00705850 /* PasswordResetView.swift */ = {isa = PBXFileReference; lastKnownFileType = sourcecode.swift; path = PasswordResetView.swift; sourceTree = "<group>"; };
		90CEA22D2C22661C00705850 /* PetPreferencesView.swift */ = {isa = PBXFileReference; lastKnownFileType = sourcecode.swift; path = PetPreferencesView.swift; sourceTree = "<group>"; };
		90CEA22F2C22680E00705850 /* FavoritesView.swift */ = {isa = PBXFileReference; lastKnownFileType = sourcecode.swift; path = FavoritesView.swift; sourceTree = "<group>"; };
		90CEA2312C22829E00705850 /* BindingExtension.swift */ = {isa = PBXFileReference; lastKnownFileType = sourcecode.swift; path = BindingExtension.swift; sourceTree = "<group>"; };
/* End PBXFileReference section */

/* Begin PBXFrameworksBuildPhase section */
		903319DB2C1C363200121E2C /* Frameworks */ = {
			isa = PBXFrameworksBuildPhase;
			buildActionMask = 2147483647;
			files = (
			);
			runOnlyForDeploymentPostprocessing = 0;
		};
/* End PBXFrameworksBuildPhase section */

/* Begin PBXGroup section */
		903319D52C1C363200121E2C = {
			isa = PBXGroup;
			children = (
				903319E02C1C363200121E2C /* AnimalAlly */,
				903319DF2C1C363200121E2C /* Products */,
			);
			sourceTree = "<group>";
		};
		903319DF2C1C363200121E2C /* Products */ = {
			isa = PBXGroup;
			children = (
				903319DE2C1C363200121E2C /* AnimalAlly.app */,
			);
			name = Products;
			sourceTree = "<group>";
		};
		903319E02C1C363200121E2C /* AnimalAlly */ = {
			isa = PBXGroup;
			children = (
				90C3CE4A2C1ECB2000E62CC4 /* Models */,
				903319F92C1CF17A00121E2C /* Router.swift */,
				903319FB2C1CF2C500121E2C /* Screen.swift */,
				903319F42C1C398500121E2C /* CustomComponents */,
				903319EF2C1C364600121E2C /* Views */,
				903319E12C1C363200121E2C /* AnimalAllyApp.swift */,
				903319E52C1C363400121E2C /* Assets.xcassets */,
				903319E72C1C363400121E2C /* Preview Content */,
			);
			path = AnimalAlly;
			sourceTree = "<group>";
		};
		903319E72C1C363400121E2C /* Preview Content */ = {
			isa = PBXGroup;
			children = (
				903319E82C1C363400121E2C /* Preview Assets.xcassets */,
			);
			path = "Preview Content";
			sourceTree = "<group>";
		};
		903319EF2C1C364600121E2C /* Views */ = {
			isa = PBXGroup;
			children = (
				903319E32C1C363200121E2C /* ContentView.swift */,
				903319F02C1C367D00121E2C /* SplashView.swift */,
				903319F22C1C385E00121E2C /* LogInView.swift */,
				903319FD2C1D2EA700121E2C /* SignUp1View.swift */,
				90331A032C1D395000121E2C /* SignUp2View.swift */,
				90C3CE3E2C1D427800E62CC4 /* SignUp3View.swift */,
				90C3CE402C1D59DF00E62CC4 /* SignUp4View.swift */,
				90C3CE422C1D5D8400E62CC4 /* SignUp5View.swift */,
				90C3CE442C1D5FBF00E62CC4 /* SignUpCompleteView.swift */,
				90C3CE462C1D6AAF00E62CC4 /* HomeView.swift */,
				90C3CE482C1E6D3800E62CC4 /* MainView.swift */,
				90C3CE6D2C200E7000E62CC4 /* AnimalDetailView.swift */,
				90C3CE772C21504600E62CC4 /* ShowAllSheetView.swift */,
				90C3CE792C215CEC00E62CC4 /* AdoptPetView.swift */,
				90CEA2272C224D4F00705850 /* UserDetailView.swift */,
				90CEA2292C225F5400705850 /* ProfileDetailView.swift */,
				90CEA22B2C2260FA00705850 /* PasswordResetView.swift */,
				90CEA22D2C22661C00705850 /* PetPreferencesView.swift */,
				90CEA22F2C22680E00705850 /* FavoritesView.swift */,
			);
			path = Views;
			sourceTree = "<group>";
		};
		903319F42C1C398500121E2C /* CustomComponents */ = {
			isa = PBXGroup;
			children = (
				903319F52C1C399E00121E2C /* CustomTextFieldStyle.swift */,
				903319F72C1C3D8200121E2C /* CustomTextFieldType.swift */,
				903319FF2C1D2F6E00121E2C /* ProgressBar.swift */,
				90331A012C1D37B400121E2C /* StringExtension.swift */,
				90331A052C1D3A4200121E2C /* CheckBox.swift */,
				90CEA2312C22829E00705850 /* BindingExtension.swift */,
			);
			path = CustomComponents;
			sourceTree = "<group>";
		};
		90C3CE4A2C1ECB2000E62CC4 /* Models */ = {
			isa = PBXGroup;
			children = (
				90C3CE4B2C1ECB2800E62CC4 /* User.swift */,
				90C3CE4D2C1ECBA300E62CC4 /* Favor.swift */,
				90C3CE4F2C1ED00500E62CC4 /* UserStorage.swift */,
				90C3CE512C1ED83B00E62CC4 /* Animal.swift */,
				90C3CE6F2C20134300E62CC4 /* AnimalSize.swift */,
				90C3CE712C2013E300E62CC4 /* Gender.swift */,
				90C3CE752C20205000E62CC4 /* AnimalStorage.swift */,
				90A9A8772C215EF40093581A /* AnimalType.swift */,
				90CEA2252C224AE000705850 /* Location.swift */,
			);
			path = Models;
			sourceTree = "<group>";
		};
/* End PBXGroup section */

/* Begin PBXNativeTarget section */
		903319DD2C1C363200121E2C /* AnimalAlly */ = {
			isa = PBXNativeTarget;
			buildConfigurationList = 903319EC2C1C363400121E2C /* Build configuration list for PBXNativeTarget "AnimalAlly" */;
			buildPhases = (
				903319DA2C1C363200121E2C /* Sources */,
				903319DB2C1C363200121E2C /* Frameworks */,
				903319DC2C1C363200121E2C /* Resources */,
			);
			buildRules = (
			);
			dependencies = (
			);
			name = AnimalAlly;
			productName = AnimalAlly;
			productReference = 903319DE2C1C363200121E2C /* AnimalAlly.app */;
			productType = "com.apple.product-type.application";
		};
/* End PBXNativeTarget section */

/* Begin PBXProject section */
		903319D62C1C363200121E2C /* Project object */ = {
			isa = PBXProject;
			attributes = {
				BuildIndependentTargetsInParallel = 1;
				LastSwiftUpdateCheck = 1540;
				LastUpgradeCheck = 1540;
				TargetAttributes = {
					903319DD2C1C363200121E2C = {
						CreatedOnToolsVersion = 15.4;
					};
				};
			};
			buildConfigurationList = 903319D92C1C363200121E2C /* Build configuration list for PBXProject "AnimalAlly" */;
			compatibilityVersion = "Xcode 14.0";
			developmentRegion = en;
			hasScannedForEncodings = 0;
			knownRegions = (
				en,
				Base,
			);
			mainGroup = 903319D52C1C363200121E2C;
			productRefGroup = 903319DF2C1C363200121E2C /* Products */;
			projectDirPath = "";
			projectRoot = "";
			targets = (
				903319DD2C1C363200121E2C /* AnimalAlly */,
			);
		};
/* End PBXProject section */

/* Begin PBXResourcesBuildPhase section */
		903319DC2C1C363200121E2C /* Resources */ = {
			isa = PBXResourcesBuildPhase;
			buildActionMask = 2147483647;
			files = (
				903319E92C1C363400121E2C /* Preview Assets.xcassets in Resources */,
				903319E62C1C363400121E2C /* Assets.xcassets in Resources */,
			);
			runOnlyForDeploymentPostprocessing = 0;
		};
/* End PBXResourcesBuildPhase section */

/* Begin PBXSourcesBuildPhase section */
		903319DA2C1C363200121E2C /* Sources */ = {
			isa = PBXSourcesBuildPhase;
			buildActionMask = 2147483647;
			files = (
				903319F82C1C3D8200121E2C /* CustomTextFieldType.swift in Sources */,
				903319E42C1C363200121E2C /* ContentView.swift in Sources */,
				90C3CE702C20134300E62CC4 /* AnimalSize.swift in Sources */,
				90C3CE432C1D5D8400E62CC4 /* SignUp5View.swift in Sources */,
				90C3CE7A2C215CEC00E62CC4 /* AdoptPetView.swift in Sources */,
				903319E22C1C363200121E2C /* AnimalAllyApp.swift in Sources */,
				903319FE2C1D2EA700121E2C /* SignUp1View.swift in Sources */,
				90C3CE492C1E6D3800E62CC4 /* MainView.swift in Sources */,
				90CEA2322C22829E00705850 /* BindingExtension.swift in Sources */,
				90CEA2302C22680E00705850 /* FavoritesView.swift in Sources */,
				903319FA2C1CF17A00121E2C /* Router.swift in Sources */,
				90C3CE722C2013E300E62CC4 /* Gender.swift in Sources */,
				903319F32C1C385E00121E2C /* LogInView.swift in Sources */,
				90C3CE762C20205000E62CC4 /* AnimalStorage.swift in Sources */,
				90C3CE4C2C1ECB2800E62CC4 /* User.swift in Sources */,
				90CEA22E2C22661C00705850 /* PetPreferencesView.swift in Sources */,
				903319F12C1C367D00121E2C /* SplashView.swift in Sources */,
				90CEA22A2C225F5400705850 /* ProfileDetailView.swift in Sources */,
				90C3CE4E2C1ECBA300E62CC4 /* Favor.swift in Sources */,
				903319F62C1C399E00121E2C /* CustomTextFieldStyle.swift in Sources */,
				90C3CE472C1D6AAF00E62CC4 /* HomeView.swift in Sources */,
				90C3CE452C1D5FBF00E62CC4 /* SignUpCompleteView.swift in Sources */,
				90C3CE502C1ED00500E62CC4 /* UserStorage.swift in Sources */,
				90C3CE3F2C1D427800E62CC4 /* SignUp3View.swift in Sources */,
				90331A002C1D2F6E00121E2C /* ProgressBar.swift in Sources */,
				90C3CE6E2C200E7000E62CC4 /* AnimalDetailView.swift in Sources */,
				90C3CE522C1ED83B00E62CC4 /* Animal.swift in Sources */,
				90A9A8782C215EF40093581A /* AnimalType.swift in Sources */,
				90331A022C1D37B400121E2C /* StringExtension.swift in Sources */,
				903319FC2C1CF2C500121E2C /* Screen.swift in Sources */,
				90CEA22C2C2260FA00705850 /* PasswordResetView.swift in Sources */,
				90331A062C1D3A4200121E2C /* CheckBox.swift in Sources */,
				90331A042C1D395000121E2C /* SignUp2View.swift in Sources */,
				90CEA2282C224D4F00705850 /* UserDetailView.swift in Sources */,
				90CEA2262C224AE000705850 /* Location.swift in Sources */,
				90C3CE412C1D59DF00E62CC4 /* SignUp4View.swift in Sources */,
				90C3CE782C21504600E62CC4 /* ShowAllSheetView.swift in Sources */,
			);
			runOnlyForDeploymentPostprocessing = 0;
		};
/* End PBXSourcesBuildPhase section */

/* Begin XCBuildConfiguration section */
		903319EA2C1C363400121E2C /* Debug */ = {
			isa = XCBuildConfiguration;
			buildSettings = {
				ALWAYS_SEARCH_USER_PATHS = NO;
				ASSETCATALOG_COMPILER_GENERATE_SWIFT_ASSET_SYMBOL_EXTENSIONS = YES;
				CLANG_ANALYZER_NONNULL = YES;
				CLANG_ANALYZER_NUMBER_OBJECT_CONVERSION = YES_AGGRESSIVE;
				CLANG_CXX_LANGUAGE_STANDARD = "gnu++20";
				CLANG_ENABLE_MODULES = YES;
				CLANG_ENABLE_OBJC_ARC = YES;
				CLANG_ENABLE_OBJC_WEAK = YES;
				CLANG_WARN_BLOCK_CAPTURE_AUTORELEASING = YES;
				CLANG_WARN_BOOL_CONVERSION = YES;
				CLANG_WARN_COMMA = YES;
				CLANG_WARN_CONSTANT_CONVERSION = YES;
				CLANG_WARN_DEPRECATED_OBJC_IMPLEMENTATIONS = YES;
				CLANG_WARN_DIRECT_OBJC_ISA_USAGE = YES_ERROR;
				CLANG_WARN_DOCUMENTATION_COMMENTS = YES;
				CLANG_WARN_EMPTY_BODY = YES;
				CLANG_WARN_ENUM_CONVERSION = YES;
				CLANG_WARN_INFINITE_RECURSION = YES;
				CLANG_WARN_INT_CONVERSION = YES;
				CLANG_WARN_NON_LITERAL_NULL_CONVERSION = YES;
				CLANG_WARN_OBJC_IMPLICIT_RETAIN_SELF = YES;
				CLANG_WARN_OBJC_LITERAL_CONVERSION = YES;
				CLANG_WARN_OBJC_ROOT_CLASS = YES_ERROR;
				CLANG_WARN_QUOTED_INCLUDE_IN_FRAMEWORK_HEADER = YES;
				CLANG_WARN_RANGE_LOOP_ANALYSIS = YES;
				CLANG_WARN_STRICT_PROTOTYPES = YES;
				CLANG_WARN_SUSPICIOUS_MOVE = YES;
				CLANG_WARN_UNGUARDED_AVAILABILITY = YES_AGGRESSIVE;
				CLANG_WARN_UNREACHABLE_CODE = YES;
				CLANG_WARN__DUPLICATE_METHOD_MATCH = YES;
				COPY_PHASE_STRIP = NO;
				DEBUG_INFORMATION_FORMAT = dwarf;
				ENABLE_STRICT_OBJC_MSGSEND = YES;
				ENABLE_TESTABILITY = YES;
				ENABLE_USER_SCRIPT_SANDBOXING = YES;
				GCC_C_LANGUAGE_STANDARD = gnu17;
				GCC_DYNAMIC_NO_PIC = NO;
				GCC_NO_COMMON_BLOCKS = YES;
				GCC_OPTIMIZATION_LEVEL = 0;
				GCC_PREPROCESSOR_DEFINITIONS = (
					"DEBUG=1",
					"$(inherited)",
				);
				GCC_WARN_64_TO_32_BIT_CONVERSION = YES;
				GCC_WARN_ABOUT_RETURN_TYPE = YES_ERROR;
				GCC_WARN_UNDECLARED_SELECTOR = YES;
				GCC_WARN_UNINITIALIZED_AUTOS = YES_AGGRESSIVE;
				GCC_WARN_UNUSED_FUNCTION = YES;
				GCC_WARN_UNUSED_VARIABLE = YES;
				IPHONEOS_DEPLOYMENT_TARGET = 17.5;
				LOCALIZATION_PREFERS_STRING_CATALOGS = YES;
				MTL_ENABLE_DEBUG_INFO = INCLUDE_SOURCE;
				MTL_FAST_MATH = YES;
				ONLY_ACTIVE_ARCH = YES;
				SDKROOT = iphoneos;
				SWIFT_ACTIVE_COMPILATION_CONDITIONS = "DEBUG $(inherited)";
				SWIFT_OPTIMIZATION_LEVEL = "-Onone";
			};
			name = Debug;
		};
		903319EB2C1C363400121E2C /* Release */ = {
			isa = XCBuildConfiguration;
			buildSettings = {
				ALWAYS_SEARCH_USER_PATHS = NO;
				ASSETCATALOG_COMPILER_GENERATE_SWIFT_ASSET_SYMBOL_EXTENSIONS = YES;
				CLANG_ANALYZER_NONNULL = YES;
				CLANG_ANALYZER_NUMBER_OBJECT_CONVERSION = YES_AGGRESSIVE;
				CLANG_CXX_LANGUAGE_STANDARD = "gnu++20";
				CLANG_ENABLE_MODULES = YES;
				CLANG_ENABLE_OBJC_ARC = YES;
				CLANG_ENABLE_OBJC_WEAK = YES;
				CLANG_WARN_BLOCK_CAPTURE_AUTORELEASING = YES;
				CLANG_WARN_BOOL_CONVERSION = YES;
				CLANG_WARN_COMMA = YES;
				CLANG_WARN_CONSTANT_CONVERSION = YES;
				CLANG_WARN_DEPRECATED_OBJC_IMPLEMENTATIONS = YES;
				CLANG_WARN_DIRECT_OBJC_ISA_USAGE = YES_ERROR;
				CLANG_WARN_DOCUMENTATION_COMMENTS = YES;
				CLANG_WARN_EMPTY_BODY = YES;
				CLANG_WARN_ENUM_CONVERSION = YES;
				CLANG_WARN_INFINITE_RECURSION = YES;
				CLANG_WARN_INT_CONVERSION = YES;
				CLANG_WARN_NON_LITERAL_NULL_CONVERSION = YES;
				CLANG_WARN_OBJC_IMPLICIT_RETAIN_SELF = YES;
				CLANG_WARN_OBJC_LITERAL_CONVERSION = YES;
				CLANG_WARN_OBJC_ROOT_CLASS = YES_ERROR;
				CLANG_WARN_QUOTED_INCLUDE_IN_FRAMEWORK_HEADER = YES;
				CLANG_WARN_RANGE_LOOP_ANALYSIS = YES;
				CLANG_WARN_STRICT_PROTOTYPES = YES;
				CLANG_WARN_SUSPICIOUS_MOVE = YES;
				CLANG_WARN_UNGUARDED_AVAILABILITY = YES_AGGRESSIVE;
				CLANG_WARN_UNREACHABLE_CODE = YES;
				CLANG_WARN__DUPLICATE_METHOD_MATCH = YES;
				COPY_PHASE_STRIP = NO;
				DEBUG_INFORMATION_FORMAT = "dwarf-with-dsym";
				ENABLE_NS_ASSERTIONS = NO;
				ENABLE_STRICT_OBJC_MSGSEND = YES;
				ENABLE_USER_SCRIPT_SANDBOXING = YES;
				GCC_C_LANGUAGE_STANDARD = gnu17;
				GCC_NO_COMMON_BLOCKS = YES;
				GCC_WARN_64_TO_32_BIT_CONVERSION = YES;
				GCC_WARN_ABOUT_RETURN_TYPE = YES_ERROR;
				GCC_WARN_UNDECLARED_SELECTOR = YES;
				GCC_WARN_UNINITIALIZED_AUTOS = YES_AGGRESSIVE;
				GCC_WARN_UNUSED_FUNCTION = YES;
				GCC_WARN_UNUSED_VARIABLE = YES;
				IPHONEOS_DEPLOYMENT_TARGET = 17.5;
				LOCALIZATION_PREFERS_STRING_CATALOGS = YES;
				MTL_ENABLE_DEBUG_INFO = NO;
				MTL_FAST_MATH = YES;
				SDKROOT = iphoneos;
				SWIFT_COMPILATION_MODE = wholemodule;
				VALIDATE_PRODUCT = YES;
			};
			name = Release;
		};
		903319ED2C1C363400121E2C /* Debug */ = {
			isa = XCBuildConfiguration;
			buildSettings = {
				ASSETCATALOG_COMPILER_APPICON_NAME = AppIcon;
				ASSETCATALOG_COMPILER_GLOBAL_ACCENT_COLOR_NAME = AccentColor;
				CODE_SIGN_STYLE = Automatic;
				CURRENT_PROJECT_VERSION = 1;
				DEVELOPMENT_ASSET_PATHS = "\"AnimalAlly/Preview Content\"";
				DEVELOPMENT_TEAM = 862P2X6G9G;
				ENABLE_PREVIEWS = YES;
				GENERATE_INFOPLIST_FILE = YES;
				INFOPLIST_KEY_CFBundleDisplayName = AnimalAlly;
				INFOPLIST_KEY_LSApplicationCategoryType = "public.app-category.lifestyle";
				INFOPLIST_KEY_UIApplicationSceneManifest_Generation = YES;
				INFOPLIST_KEY_UIApplicationSupportsIndirectInputEvents = YES;
				INFOPLIST_KEY_UILaunchScreen_Generation = YES;
				INFOPLIST_KEY_UISupportedInterfaceOrientations_iPad = "UIInterfaceOrientationPortrait UIInterfaceOrientationPortraitUpsideDown UIInterfaceOrientationLandscapeLeft UIInterfaceOrientationLandscapeRight";
				INFOPLIST_KEY_UISupportedInterfaceOrientations_iPhone = "UIInterfaceOrientationPortrait UIInterfaceOrientationLandscapeLeft UIInterfaceOrientationLandscapeRight";
				IPHONEOS_DEPLOYMENT_TARGET = 17.5;
				LD_RUNPATH_SEARCH_PATHS = (
					"$(inherited)",
					"@executable_path/Frameworks",
				);
				MARKETING_VERSION = 1.0;
				PRODUCT_BUNDLE_IDENTIFIER = com.jinwook.kim.AnimalAlly;
				PRODUCT_NAME = "$(TARGET_NAME)";
				SWIFT_EMIT_LOC_STRINGS = YES;
				SWIFT_VERSION = 5.0;
				TARGETED_DEVICE_FAMILY = "1,2";
			};
			name = Debug;
		};
		903319EE2C1C363400121E2C /* Release */ = {
			isa = XCBuildConfiguration;
			buildSettings = {
				ASSETCATALOG_COMPILER_APPICON_NAME = AppIcon;
				ASSETCATALOG_COMPILER_GLOBAL_ACCENT_COLOR_NAME = AccentColor;
				CODE_SIGN_STYLE = Automatic;
				CURRENT_PROJECT_VERSION = 1;
				DEVELOPMENT_ASSET_PATHS = "\"AnimalAlly/Preview Content\"";
				DEVELOPMENT_TEAM = 862P2X6G9G;
				ENABLE_PREVIEWS = YES;
				GENERATE_INFOPLIST_FILE = YES;
				INFOPLIST_KEY_CFBundleDisplayName = AnimalAlly;
				INFOPLIST_KEY_LSApplicationCategoryType = "public.app-category.lifestyle";
				INFOPLIST_KEY_UIApplicationSceneManifest_Generation = YES;
				INFOPLIST_KEY_UIApplicationSupportsIndirectInputEvents = YES;
				INFOPLIST_KEY_UILaunchScreen_Generation = YES;
				INFOPLIST_KEY_UISupportedInterfaceOrientations_iPad = "UIInterfaceOrientationPortrait UIInterfaceOrientationPortraitUpsideDown UIInterfaceOrientationLandscapeLeft UIInterfaceOrientationLandscapeRight";
				INFOPLIST_KEY_UISupportedInterfaceOrientations_iPhone = "UIInterfaceOrientationPortrait UIInterfaceOrientationLandscapeLeft UIInterfaceOrientationLandscapeRight";
				IPHONEOS_DEPLOYMENT_TARGET = 17.5;
				LD_RUNPATH_SEARCH_PATHS = (
					"$(inherited)",
					"@executable_path/Frameworks",
				);
				MARKETING_VERSION = 1.0;
				PRODUCT_BUNDLE_IDENTIFIER = com.jinwook.kim.AnimalAlly;
				PRODUCT_NAME = "$(TARGET_NAME)";
				SWIFT_EMIT_LOC_STRINGS = YES;
				SWIFT_VERSION = 5.0;
				TARGETED_DEVICE_FAMILY = "1,2";
			};
			name = Release;
		};
/* End XCBuildConfiguration section */

/* Begin XCConfigurationList section */
		903319D92C1C363200121E2C /* Build configuration list for PBXProject "AnimalAlly" */ = {
			isa = XCConfigurationList;
			buildConfigurations = (
				903319EA2C1C363400121E2C /* Debug */,
				903319EB2C1C363400121E2C /* Release */,
			);
			defaultConfigurationIsVisible = 0;
			defaultConfigurationName = Release;
		};
		903319EC2C1C363400121E2C /* Build configuration list for PBXNativeTarget "AnimalAlly" */ = {
			isa = XCConfigurationList;
			buildConfigurations = (
				903319ED2C1C363400121E2C /* Debug */,
				903319EE2C1C363400121E2C /* Release */,
			);
			defaultConfigurationIsVisible = 0;
			defaultConfigurationName = Release;
		};
/* End XCConfigurationList section */
	};
	rootObject = 903319D62C1C363200121E2C /* Project object */;
}
